
Microsoft Visual Studio Solution File, Format Version 12.00
# Visual Studio Version 17
VisualStudioVersion = 17.8.34309.116
MinimumVisualStudioVersion = 10.0.40219.1
Project("{FAE04EC0-301F-11D3-BF4B-00C04F79EFBC}") = "66840_Mehmet_Said_Unlu_T7", "66840_Mehmet_Said_Unlu_T7\66840_Mehmet_Said_Unlu_T7.csproj", "{BF97E591-4C8D-4C74-B95B-0940CC7632B6}"
EndProject
Global
	GlobalSection(SolutionConfigurationPlatforms) = preSolution
		Debug|Any CPU = Debug|Any CPU
		Release|Any CPU = Release|Any CPU
	EndGlobalSection
	GlobalSection(ProjectConfigurationPlatforms) = postSolution
		{BF97E591-4C8D-4C74-B95B-0940CC7632B6}.Debug|Any CPU.ActiveCfg = Debug|Any CPU
		{BF97E591-4C8D-4C74-B95B-0940CC7632B6}.Debug|Any CPU.Build.0 = Debug|Any CPU
		{BF97E591-4C8D-4C74-B95B-0940CC7632B6}.Release|Any CPU.ActiveCfg = Release|Any CPU
		{BF97E591-4C8D-4C74-B95B-0940CC7632B6}.Release|Any CPU.Build.0 = Release|Any CPU
	EndGlobalSection
	GlobalSection(SolutionProperties) = preSolution
		HideSolutionNode = FALSE
	EndGlobalSection
	GlobalSection(ExtensibilityGlobals) = postSolution
		SolutionGuid = {B707F828-AE8D-436B-B7DF-CCE3E42D2F86}
	EndGlobalSection
EndGlobal
